{
    "_meta": {
        "hash": {
            "sha256": "d3104bd947606e36e7b4ca368e83d733acff749c192b571b3f62969af1b44f36"
        },
        "host-environment-markers": {
            "implementation_name": "cpython",
            "implementation_version": "0",
            "os_name": "posix",
            "platform_machine": "x86_64",
            "platform_python_implementation": "CPython",
            "platform_release": "4.4.104-39-default",
            "platform_system": "Linux",
            "platform_version": "#1 SMP Thu Jan 4 08:11:03 UTC 2018 (7db1912)",
            "python_full_version": "2.7.13",
            "python_version": "2.7",
            "sys_platform": "linux2"
        },
        "pipfile-spec": 6,
        "requires": {
            "python_version": "2.7"
        },
        "sources": [
            {
                "name": "pypi",
                "url": "https://pypi.python.org/simple",
                "verify_ssl": true
            }
        ]
    },
    "default": {},
    "develop": {}
}
